// !$*UTF8*$!
{
	archiveVersion = 1;
	classes = {
	};
	objectVersion = 56;
	objects = {

/* Begin PBXBuildFile section */
		0B1F741229F281EB009C4901 /* QuoteModel.swift in Sources */ = {isa = PBXBuildFile; fileRef = 0B1F741129F281EB009C4901 /* QuoteModel.swift */; };
		0B1F741429F28656009C4901 /* UserViewModel.swift in Sources */ = {isa = PBXBuildFile; fileRef = 0B1F741329F28656009C4901 /* UserViewModel.swift */; };
		0B1F741629F28661009C4901 /* UserModel.swift in Sources */ = {isa = PBXBuildFile; fileRef = 0B1F741529F28661009C4901 /* UserModel.swift */; };
		0B1F741B29F685B0009C4901 /* SwiftUIPager in Frameworks */ = {isa = PBXBuildFile; productRef = 0B1F741A29F685B0009C4901 /* SwiftUIPager */; };
		0B61701129FD80F90020A2DE /* EndlessHorizontalScrollingView.swift in Sources */ = {isa = PBXBuildFile; fileRef = 0B61701029FD80F90020A2DE /* EndlessHorizontalScrollingView.swift */; };
		0BBC032E29FBD63F008FEB19 /* HStackScrollingModifier.swift in Sources */ = {isa = PBXBuildFile; fileRef = 0BBC032D29FBD63F008FEB19 /* HStackScrollingModifier.swift */; };
		1649416829F39F980036424E /* ExerciseRequirementView.swift in Sources */ = {isa = PBXBuildFile; fileRef = 1649416729F39F980036424E /* ExerciseRequirementView.swift */; };
		D0219A0429FC191F000BFC61 /* ExercisePlayerView.swift in Sources */ = {isa = PBXBuildFile; fileRef = D0219A0329FC191F000BFC61 /* ExercisePlayerView.swift */; };
		D0285F3A29EFF32600B9D73D /* MC1App.swift in Sources */ = {isa = PBXBuildFile; fileRef = D0285F3929EFF32600B9D73D /* MC1App.swift */; };
		D0285F3C29EFF32600B9D73D /* ContentView.swift in Sources */ = {isa = PBXBuildFile; fileRef = D0285F3B29EFF32600B9D73D /* ContentView.swift */; };
		D0285F3E29EFF32700B9D73D /* Assets.xcassets in Resources */ = {isa = PBXBuildFile; fileRef = D0285F3D29EFF32700B9D73D /* Assets.xcassets */; };
		D0285F4129EFF32700B9D73D /* Preview Assets.xcassets in Resources */ = {isa = PBXBuildFile; fileRef = D0285F4029EFF32700B9D73D /* Preview Assets.xcassets */; };
		D037F82329F80BF40030C590 /* SetTimeModel.swift in Sources */ = {isa = PBXBuildFile; fileRef = D037F82229F80BF40030C590 /* SetTimeModel.swift */; };
		D0984DCE29F26E5B0090E88A /* ExerciseCard.swift in Sources */ = {isa = PBXBuildFile; fileRef = D0984DCD29F26E5B0090E88A /* ExerciseCard.swift */; };
		D0984DD029F26E730090E88A /* ExerciseDetailView.swift in Sources */ = {isa = PBXBuildFile; fileRef = D0984DCF29F26E730090E88A /* ExerciseDetailView.swift */; };
		D0984DD229F26F660090E88A /* ExerciseModel.swift in Sources */ = {isa = PBXBuildFile; fileRef = D0984DD129F26F660090E88A /* ExerciseModel.swift */; };
		D0984DD429F26F810090E88A /* BannerViewModel.swift in Sources */ = {isa = PBXBuildFile; fileRef = D0984DD329F26F810090E88A /* BannerViewModel.swift */; };
		D0984DD629F26F950090E88A /* ExerciseViewModel.swift in Sources */ = {isa = PBXBuildFile; fileRef = D0984DD529F26F950090E88A /* ExerciseViewModel.swift */; };
		D0984DD829F26FCD0090E88A /* ExercisePage.swift in Sources */ = {isa = PBXBuildFile; fileRef = D0984DD729F26FCD0090E88A /* ExercisePage.swift */; };
		D0984DDA29F26FDD0090E88A /* MePage.swift in Sources */ = {isa = PBXBuildFile; fileRef = D0984DD929F26FDD0090E88A /* MePage.swift */; };
/* End PBXBuildFile section */

/* Begin PBXFileReference section */
		0B1F741129F281EB009C4901 /* QuoteModel.swift */ = {isa = PBXFileReference; lastKnownFileType = sourcecode.swift; name = QuoteModel.swift; path = MC1/Model/QuoteModel.swift; sourceTree = SOURCE_ROOT; };
		0B1F741329F28656009C4901 /* UserViewModel.swift */ = {isa = PBXFileReference; lastKnownFileType = sourcecode.swift; path = UserViewModel.swift; sourceTree = "<group>"; };
		0B1F741529F28661009C4901 /* UserModel.swift */ = {isa = PBXFileReference; lastKnownFileType = sourcecode.swift; path = UserModel.swift; sourceTree = "<group>"; };
		0B61701029FD80F90020A2DE /* EndlessHorizontalScrollingView.swift */ = {isa = PBXFileReference; lastKnownFileType = sourcecode.swift; path = EndlessHorizontalScrollingView.swift; sourceTree = "<group>"; };
		0BBC032D29FBD63F008FEB19 /* HStackScrollingModifier.swift */ = {isa = PBXFileReference; lastKnownFileType = sourcecode.swift; path = HStackScrollingModifier.swift; sourceTree = "<group>"; };
		1649416729F39F980036424E /* ExerciseRequirementView.swift */ = {isa = PBXFileReference; lastKnownFileType = sourcecode.swift; path = ExerciseRequirementView.swift; sourceTree = "<group>"; };
		D0219A0329FC191F000BFC61 /* ExercisePlayerView.swift */ = {isa = PBXFileReference; lastKnownFileType = sourcecode.swift; path = ExercisePlayerView.swift; sourceTree = "<group>"; };
		D0285F3629EFF32600B9D73D /* MC1.app */ = {isa = PBXFileReference; explicitFileType = wrapper.application; includeInIndex = 0; path = MC1.app; sourceTree = BUILT_PRODUCTS_DIR; };
		D0285F3929EFF32600B9D73D /* MC1App.swift */ = {isa = PBXFileReference; lastKnownFileType = sourcecode.swift; path = MC1App.swift; sourceTree = "<group>"; };
		D0285F3B29EFF32600B9D73D /* ContentView.swift */ = {isa = PBXFileReference; lastKnownFileType = sourcecode.swift; path = ContentView.swift; sourceTree = "<group>"; };
		D0285F3D29EFF32700B9D73D /* Assets.xcassets */ = {isa = PBXFileReference; lastKnownFileType = folder.assetcatalog; path = Assets.xcassets; sourceTree = "<group>"; };
		D0285F4029EFF32700B9D73D /* Preview Assets.xcassets */ = {isa = PBXFileReference; lastKnownFileType = folder.assetcatalog; path = "Preview Assets.xcassets"; sourceTree = "<group>"; };
		D037F82229F80BF40030C590 /* SetTimeModel.swift */ = {isa = PBXFileReference; lastKnownFileType = sourcecode.swift; path = SetTimeModel.swift; sourceTree = "<group>"; };
		D0984DCD29F26E5B0090E88A /* ExerciseCard.swift */ = {isa = PBXFileReference; lastKnownFileType = sourcecode.swift; path = ExerciseCard.swift; sourceTree = "<group>"; };
		D0984DCF29F26E730090E88A /* ExerciseDetailView.swift */ = {isa = PBXFileReference; lastKnownFileType = sourcecode.swift; path = ExerciseDetailView.swift; sourceTree = "<group>"; };
		D0984DD129F26F660090E88A /* ExerciseModel.swift */ = {isa = PBXFileReference; lastKnownFileType = sourcecode.swift; path = ExerciseModel.swift; sourceTree = "<group>"; };
		D0984DD329F26F810090E88A /* BannerViewModel.swift */ = {isa = PBXFileReference; lastKnownFileType = sourcecode.swift; path = BannerViewModel.swift; sourceTree = "<group>"; };
		D0984DD529F26F950090E88A /* ExerciseViewModel.swift */ = {isa = PBXFileReference; lastKnownFileType = sourcecode.swift; path = ExerciseViewModel.swift; sourceTree = "<group>"; };
		D0984DD729F26FCD0090E88A /* ExercisePage.swift */ = {isa = PBXFileReference; lastKnownFileType = sourcecode.swift; path = ExercisePage.swift; sourceTree = "<group>"; };
		D0984DD929F26FDD0090E88A /* MePage.swift */ = {isa = PBXFileReference; lastKnownFileType = sourcecode.swift; path = MePage.swift; sourceTree = "<group>"; };
/* End PBXFileReference section */

/* Begin PBXFrameworksBuildPhase section */
		D0285F3329EFF32600B9D73D /* Frameworks */ = {
			isa = PBXFrameworksBuildPhase;
			buildActionMask = 2147483647;
			files = (
				0B1F741B29F685B0009C4901 /* SwiftUIPager in Frameworks */,
			);
			runOnlyForDeploymentPostprocessing = 0;
		};
/* End PBXFrameworksBuildPhase section */

/* Begin PBXGroup section */
		D0285F2D29EFF32600B9D73D = {
			isa = PBXGroup;
			children = (
				D0285F3829EFF32600B9D73D /* MC1 */,
				D0285F3729EFF32600B9D73D /* Products */,
			);
			sourceTree = "<group>";
		};
		D0285F3729EFF32600B9D73D /* Products */ = {
			isa = PBXGroup;
			children = (
				D0285F3629EFF32600B9D73D /* MC1.app */,
			);
			name = Products;
			sourceTree = "<group>";
		};
		D0285F3829EFF32600B9D73D /* MC1 */ = {
			isa = PBXGroup;
			children = (
				0BBC032D29FBD63F008FEB19 /* HStackScrollingModifier.swift */,
				0B61701029FD80F90020A2DE /* EndlessHorizontalScrollingView.swift */,
				D0285F3929EFF32600B9D73D /* MC1App.swift */,
				D0285F3B29EFF32600B9D73D /* ContentView.swift */,
				D0984DCD29F26E5B0090E88A /* ExerciseCard.swift */,
				D0984DCF29F26E730090E88A /* ExerciseDetailView.swift */,
				1649416729F39F980036424E /* ExerciseRequirementView.swift */,
				D0219A0329FC191F000BFC61 /* ExercisePlayerView.swift */,
				D0984DCC29F26E2D0090E88A /* Pages */,
				D0984DCB29F26E250090E88A /* ViewModel */,
				D0984DCA29F26E1F0090E88A /* Model */,
				D0285F3D29EFF32700B9D73D /* Assets.xcassets */,
				D0285F3F29EFF32700B9D73D /* Preview Content */,
			);
			path = MC1;
			sourceTree = "<group>";
		};
		D0285F3F29EFF32700B9D73D /* Preview Content */ = {
			isa = PBXGroup;
			children = (
				D0285F4029EFF32700B9D73D /* Preview Assets.xcassets */,
			);
			path = "Preview Content";
			sourceTree = "<group>";
		};
		D0984DCA29F26E1F0090E88A /* Model */ = {
			isa = PBXGroup;
			children = (
				0B1F741129F281EB009C4901 /* QuoteModel.swift */,
				D0984DD129F26F660090E88A /* ExerciseModel.swift */,
				0B1F741529F28661009C4901 /* UserModel.swift */,
				D037F82229F80BF40030C590 /* SetTimeModel.swift */,
			);
			path = Model;
			sourceTree = "<group>";
		};
		D0984DCB29F26E250090E88A /* ViewModel */ = {
			isa = PBXGroup;
			children = (
				D0984DD329F26F810090E88A /* BannerViewModel.swift */,
				D0984DD529F26F950090E88A /* ExerciseViewModel.swift */,
				0B1F741329F28656009C4901 /* UserViewModel.swift */,
			);
			path = ViewModel;
			sourceTree = "<group>";
		};
		D0984DCC29F26E2D0090E88A /* Pages */ = {
			isa = PBXGroup;
			children = (
				D0984DD729F26FCD0090E88A /* ExercisePage.swift */,
				D0984DD929F26FDD0090E88A /* MePage.swift */,
			);
			path = Pages;
			sourceTree = "<group>";
		};
/* End PBXGroup section */

/* Begin PBXNativeTarget section */
		D0285F3529EFF32600B9D73D /* MC1 */ = {
			isa = PBXNativeTarget;
			buildConfigurationList = D0285F4429EFF32700B9D73D /* Build configuration list for PBXNativeTarget "MC1" */;
			buildPhases = (
				D0285F3229EFF32600B9D73D /* Sources */,
				D0285F3329EFF32600B9D73D /* Frameworks */,
				D0285F3429EFF32600B9D73D /* Resources */,
			);
			buildRules = (
			);
			dependencies = (
			);
			name = MC1;
			packageProductDependencies = (
				0B1F741A29F685B0009C4901 /* SwiftUIPager */,
			);
			productName = MC1;
			productReference = D0285F3629EFF32600B9D73D /* MC1.app */;
			productType = "com.apple.product-type.application";
		};
/* End PBXNativeTarget section */

/* Begin PBXProject section */
		D0285F2E29EFF32600B9D73D /* Project object */ = {
			isa = PBXProject;
			attributes = {
				BuildIndependentTargetsInParallel = 1;
				LastSwiftUpdateCheck = 1430;
				LastUpgradeCheck = 1430;
				TargetAttributes = {
					D0285F3529EFF32600B9D73D = {
						CreatedOnToolsVersion = 14.3;
					};
				};
			};
			buildConfigurationList = D0285F3129EFF32600B9D73D /* Build configuration list for PBXProject "MC1" */;
			compatibilityVersion = "Xcode 14.0";
			developmentRegion = en;
			hasScannedForEncodings = 0;
			knownRegions = (
				en,
				Base,
			);
			mainGroup = D0285F2D29EFF32600B9D73D;
			packageReferences = (
				0B1F741929F685B0009C4901 /* XCRemoteSwiftPackageReference "SwiftUIPager" */,
			);
			productRefGroup = D0285F3729EFF32600B9D73D /* Products */;
			projectDirPath = "";
			projectRoot = "";
			targets = (
				D0285F3529EFF32600B9D73D /* MC1 */,
			);
		};
/* End PBXProject section */

/* Begin PBXResourcesBuildPhase section */
		D0285F3429EFF32600B9D73D /* Resources */ = {
			isa = PBXResourcesBuildPhase;
			buildActionMask = 2147483647;
			files = (
				D0285F4129EFF32700B9D73D /* Preview Assets.xcassets in Resources */,
				D0285F3E29EFF32700B9D73D /* Assets.xcassets in Resources */,
			);
			runOnlyForDeploymentPostprocessing = 0;
		};
/* End PBXResourcesBuildPhase section */

/* Begin PBXSourcesBuildPhase section */
		D0285F3229EFF32600B9D73D /* Sources */ = {
			isa = PBXSourcesBuildPhase;
			buildActionMask = 2147483647;
			files = (
				0B1F741229F281EB009C4901 /* QuoteModel.swift in Sources */,
				0B1F741429F28656009C4901 /* UserViewModel.swift in Sources */,
				D0219A0429FC191F000BFC61 /* ExercisePlayerView.swift in Sources */,
				D0984DDA29F26FDD0090E88A /* MePage.swift in Sources */,
				D0984DCE29F26E5B0090E88A /* ExerciseCard.swift in Sources */,
				0BBC032E29FBD63F008FEB19 /* HStackScrollingModifier.swift in Sources */,
				D0984DD029F26E730090E88A /* ExerciseDetailView.swift in Sources */,
				D037F82329F80BF40030C590 /* SetTimeModel.swift in Sources */,
				D0984DD829F26FCD0090E88A /* ExercisePage.swift in Sources */,
				0B61701129FD80F90020A2DE /* EndlessHorizontalScrollingView.swift in Sources */,
				1649416829F39F980036424E /* ExerciseRequirementView.swift in Sources */,
				D0984DD429F26F810090E88A /* BannerViewModel.swift in Sources */,
				D0285F3C29EFF32600B9D73D /* ContentView.swift in Sources */,
				D0285F3A29EFF32600B9D73D /* MC1App.swift in Sources */,
				D0984DD629F26F950090E88A /* ExerciseViewModel.swift in Sources */,
				0B1F741629F28661009C4901 /* UserModel.swift in Sources */,
				D0984DD229F26F660090E88A /* ExerciseModel.swift in Sources */,
			);
			runOnlyForDeploymentPostprocessing = 0;
		};
/* End PBXSourcesBuildPhase section */

/* Begin XCBuildConfiguration section */
		D0285F4229EFF32700B9D73D /* Debug */ = {
			isa = XCBuildConfiguration;
			buildSettings = {
				ALWAYS_SEARCH_USER_PATHS = NO;
				CLANG_ANALYZER_NONNULL = YES;
				CLANG_ANALYZER_NUMBER_OBJECT_CONVERSION = YES_AGGRESSIVE;
				CLANG_CXX_LANGUAGE_STANDARD = "gnu++20";
				CLANG_ENABLE_MODULES = YES;
				CLANG_ENABLE_OBJC_ARC = YES;
				CLANG_ENABLE_OBJC_WEAK = YES;
				CLANG_WARN_BLOCK_CAPTURE_AUTORELEASING = YES;
				CLANG_WARN_BOOL_CONVERSION = YES;
				CLANG_WARN_COMMA = YES;
				CLANG_WARN_CONSTANT_CONVERSION = YES;
				CLANG_WARN_DEPRECATED_OBJC_IMPLEMENTATIONS = YES;
				CLANG_WARN_DIRECT_OBJC_ISA_USAGE = YES_ERROR;
				CLANG_WARN_DOCUMENTATION_COMMENTS = YES;
				CLANG_WARN_EMPTY_BODY = YES;
				CLANG_WARN_ENUM_CONVERSION = YES;
				CLANG_WARN_INFINITE_RECURSION = YES;
				CLANG_WARN_INT_CONVERSION = YES;
				CLANG_WARN_NON_LITERAL_NULL_CONVERSION = YES;
				CLANG_WARN_OBJC_IMPLICIT_RETAIN_SELF = YES;
				CLANG_WARN_OBJC_LITERAL_CONVERSION = YES;
				CLANG_WARN_OBJC_ROOT_CLASS = YES_ERROR;
				CLANG_WARN_QUOTED_INCLUDE_IN_FRAMEWORK_HEADER = YES;
				CLANG_WARN_RANGE_LOOP_ANALYSIS = YES;
				CLANG_WARN_STRICT_PROTOTYPES = YES;
				CLANG_WARN_SUSPICIOUS_MOVE = YES;
				CLANG_WARN_UNGUARDED_AVAILABILITY = YES_AGGRESSIVE;
				CLANG_WARN_UNREACHABLE_CODE = YES;
				CLANG_WARN__DUPLICATE_METHOD_MATCH = YES;
				COPY_PHASE_STRIP = NO;
				DEBUG_INFORMATION_FORMAT = dwarf;
				ENABLE_STRICT_OBJC_MSGSEND = YES;
				ENABLE_TESTABILITY = YES;
				GCC_C_LANGUAGE_STANDARD = gnu11;
				GCC_DYNAMIC_NO_PIC = NO;
				GCC_NO_COMMON_BLOCKS = YES;
				GCC_OPTIMIZATION_LEVEL = 0;
				GCC_PREPROCESSOR_DEFINITIONS = (
					"DEBUG=1",
					"$(inherited)",
				);
				GCC_WARN_64_TO_32_BIT_CONVERSION = YES;
				GCC_WARN_ABOUT_RETURN_TYPE = YES_ERROR;
				GCC_WARN_UNDECLARED_SELECTOR = YES;
				GCC_WARN_UNINITIALIZED_AUTOS = YES_AGGRESSIVE;
				GCC_WARN_UNUSED_FUNCTION = YES;
				GCC_WARN_UNUSED_VARIABLE = YES;
				IPHONEOS_DEPLOYMENT_TARGET = 16.4;
				MTL_ENABLE_DEBUG_INFO = INCLUDE_SOURCE;
				MTL_FAST_MATH = YES;
				ONLY_ACTIVE_ARCH = YES;
				SDKROOT = iphoneos;
				SWIFT_ACTIVE_COMPILATION_CONDITIONS = DEBUG;
				SWIFT_OPTIMIZATION_LEVEL = "-Onone";
			};
			name = Debug;
		};
		D0285F4329EFF32700B9D73D /* Release */ = {
			isa = XCBuildConfiguration;
			buildSettings = {
				ALWAYS_SEARCH_USER_PATHS = NO;
				CLANG_ANALYZER_NONNULL = YES;
				CLANG_ANALYZER_NUMBER_OBJECT_CONVERSION = YES_AGGRESSIVE;
				CLANG_CXX_LANGUAGE_STANDARD = "gnu++20";
				CLANG_ENABLE_MODULES = YES;
				CLANG_ENABLE_OBJC_ARC = YES;
				CLANG_ENABLE_OBJC_WEAK = YES;
				CLANG_WARN_BLOCK_CAPTURE_AUTORELEASING = YES;
				CLANG_WARN_BOOL_CONVERSION = YES;
				CLANG_WARN_COMMA = YES;
				CLANG_WARN_CONSTANT_CONVERSION = YES;
				CLANG_WARN_DEPRECATED_OBJC_IMPLEMENTATIONS = YES;
				CLANG_WARN_DIRECT_OBJC_ISA_USAGE = YES_ERROR;
				CLANG_WARN_DOCUMENTATION_COMMENTS = YES;
				CLANG_WARN_EMPTY_BODY = YES;
				CLANG_WARN_ENUM_CONVERSION = YES;
				CLANG_WARN_INFINITE_RECURSION = YES;
				CLANG_WARN_INT_CONVERSION = YES;
				CLANG_WARN_NON_LITERAL_NULL_CONVERSION = YES;
				CLANG_WARN_OBJC_IMPLICIT_RETAIN_SELF = YES;
				CLANG_WARN_OBJC_LITERAL_CONVERSION = YES;
				CLANG_WARN_OBJC_ROOT_CLASS = YES_ERROR;
				CLANG_WARN_QUOTED_INCLUDE_IN_FRAMEWORK_HEADER = YES;
				CLANG_WARN_RANGE_LOOP_ANALYSIS = YES;
				CLANG_WARN_STRICT_PROTOTYPES = YES;
				CLANG_WARN_SUSPICIOUS_MOVE = YES;
				CLANG_WARN_UNGUARDED_AVAILABILITY = YES_AGGRESSIVE;
				CLANG_WARN_UNREACHABLE_CODE = YES;
				CLANG_WARN__DUPLICATE_METHOD_MATCH = YES;
				COPY_PHASE_STRIP = NO;
				DEBUG_INFORMATION_FORMAT = "dwarf-with-dsym";
				ENABLE_NS_ASSERTIONS = NO;
				ENABLE_STRICT_OBJC_MSGSEND = YES;
				GCC_C_LANGUAGE_STANDARD = gnu11;
				GCC_NO_COMMON_BLOCKS = YES;
				GCC_WARN_64_TO_32_BIT_CONVERSION = YES;
				GCC_WARN_ABOUT_RETURN_TYPE = YES_ERROR;
				GCC_WARN_UNDECLARED_SELECTOR = YES;
				GCC_WARN_UNINITIALIZED_AUTOS = YES_AGGRESSIVE;
				GCC_WARN_UNUSED_FUNCTION = YES;
				GCC_WARN_UNUSED_VARIABLE = YES;
				IPHONEOS_DEPLOYMENT_TARGET = 16.4;
				MTL_ENABLE_DEBUG_INFO = NO;
				MTL_FAST_MATH = YES;
				SDKROOT = iphoneos;
				SWIFT_COMPILATION_MODE = wholemodule;
				SWIFT_OPTIMIZATION_LEVEL = "-O";
				VALIDATE_PRODUCT = YES;
			};
			name = Release;
		};
		D0285F4529EFF32700B9D73D /* Debug */ = {
			isa = XCBuildConfiguration;
			buildSettings = {
				ASSETCATALOG_COMPILER_APPICON_NAME = AppIcon;
				ASSETCATALOG_COMPILER_GLOBAL_ACCENT_COLOR_NAME = AccentColor;
				CODE_SIGN_STYLE = Automatic;
				CURRENT_PROJECT_VERSION = 1;
				DEVELOPMENT_ASSET_PATHS = "\"MC1/Preview Content\"";
				DEVELOPMENT_TEAM = ZKP7U4QRRG;
				ENABLE_PREVIEWS = YES;
				GENERATE_INFOPLIST_FILE = YES;
				INFOPLIST_KEY_UIApplicationSceneManifest_Generation = YES;
				INFOPLIST_KEY_UIApplicationSupportsIndirectInputEvents = YES;
				INFOPLIST_KEY_UILaunchScreen_Generation = YES;
				INFOPLIST_KEY_UISupportedInterfaceOrientations_iPad = "UIInterfaceOrientationPortrait UIInterfaceOrientationPortraitUpsideDown UIInterfaceOrientationLandscapeLeft UIInterfaceOrientationLandscapeRight";
				INFOPLIST_KEY_UISupportedInterfaceOrientations_iPhone = "UIInterfaceOrientationPortrait UIInterfaceOrientationLandscapeLeft UIInterfaceOrientationLandscapeRight";
				IPHONEOS_DEPLOYMENT_TARGET = 16.4;
				LD_RUNPATH_SEARCH_PATHS = (
					"$(inherited)",
					"@executable_path/Frameworks",
				);
				MARKETING_VERSION = 1.0;
				PRODUCT_BUNDLE_IDENTIFIER = com.nukivenoza.MC1;
				PRODUCT_NAME = "$(TARGET_NAME)";
				SWIFT_EMIT_LOC_STRINGS = YES;
				SWIFT_VERSION = 5.0;
				TARGETED_DEVICE_FAMILY = "1,2";
			};
			name = Debug;
		};
		D0285F4629EFF32700B9D73D /* Release */ = {
			isa = XCBuildConfiguration;
			buildSettings = {
				ASSETCATALOG_COMPILER_APPICON_NAME = AppIcon;
				ASSETCATALOG_COMPILER_GLOBAL_ACCENT_COLOR_NAME = AccentColor;
				CODE_SIGN_STYLE = Automatic;
				CURRENT_PROJECT_VERSION = 1;
				DEVELOPMENT_ASSET_PATHS = "\"MC1/Preview Content\"";
				DEVELOPMENT_TEAM = ZKP7U4QRRG;
				ENABLE_PREVIEWS = YES;
				GENERATE_INFOPLIST_FILE = YES;
				INFOPLIST_KEY_UIApplicationSceneManifest_Generation = YES;
				INFOPLIST_KEY_UIApplicationSupportsIndirectInputEvents = YES;
				INFOPLIST_KEY_UILaunchScreen_Generation = YES;
				INFOPLIST_KEY_UISupportedInterfaceOrientations_iPad = "UIInterfaceOrientationPortrait UIInterfaceOrientationPortraitUpsideDown UIInterfaceOrientationLandscapeLeft UIInterfaceOrientationLandscapeRight";
				INFOPLIST_KEY_UISupportedInterfaceOrientations_iPhone = "UIInterfaceOrientationPortrait UIInterfaceOrientationLandscapeLeft UIInterfaceOrientationLandscapeRight";
				IPHONEOS_DEPLOYMENT_TARGET = 16.4;
				LD_RUNPATH_SEARCH_PATHS = (
					"$(inherited)",
					"@executable_path/Frameworks",
				);
				MARKETING_VERSION = 1.0;
				PRODUCT_BUNDLE_IDENTIFIER = com.nukivenoza.MC1;
				PRODUCT_NAME = "$(TARGET_NAME)";
				SWIFT_EMIT_LOC_STRINGS = YES;
				SWIFT_VERSION = 5.0;
				TARGETED_DEVICE_FAMILY = "1,2";
			};
			name = Release;
		};
/* End XCBuildConfiguration section */

/* Begin XCConfigurationList section */
		D0285F3129EFF32600B9D73D /* Build configuration list for PBXProject "MC1" */ = {
			isa = XCConfigurationList;
			buildConfigurations = (
				D0285F4229EFF32700B9D73D /* Debug */,
				D0285F4329EFF32700B9D73D /* Release */,
			);
			defaultConfigurationIsVisible = 0;
			defaultConfigurationName = Release;
		};
		D0285F4429EFF32700B9D73D /* Build configuration list for PBXNativeTarget "MC1" */ = {
			isa = XCConfigurationList;
			buildConfigurations = (
				D0285F4529EFF32700B9D73D /* Debug */,
				D0285F4629EFF32700B9D73D /* Release */,
			);
			defaultConfigurationIsVisible = 0;
			defaultConfigurationName = Release;
		};
/* End XCConfigurationList section */

/* Begin XCRemoteSwiftPackageReference section */
		0B1F741929F685B0009C4901 /* XCRemoteSwiftPackageReference "SwiftUIPager" */ = {
			isa = XCRemoteSwiftPackageReference;
			repositoryURL = "https://github.com/fermoya/SwiftUIPager";
			requirement = {
				kind = upToNextMajorVersion;
				minimumVersion = 2.0.0;
			};
		};
/* End XCRemoteSwiftPackageReference section */

/* Begin XCSwiftPackageProductDependency section */
		0B1F741A29F685B0009C4901 /* SwiftUIPager */ = {
			isa = XCSwiftPackageProductDependency;
			package = 0B1F741929F685B0009C4901 /* XCRemoteSwiftPackageReference "SwiftUIPager" */;
			productName = SwiftUIPager;
		};
/* End XCSwiftPackageProductDependency section */
	};
	rootObject = D0285F2E29EFF32600B9D73D /* Project object */;
}
